
Microsoft Visual Studio Solution File, Format Version 12.00
# Visual Studio Version 17
VisualStudioVersion = 17.4.33110.190
MinimumVisualStudioVersion = 10.0.40219.1
Project("{FAE04EC0-301F-11D3-BF4B-00C04F79EFBC}") = "HypnoboxFut", "HypnoboxFut\HypnoboxFut.csproj", "{B4F4837D-94C6-4349-BC18-6FAECE926CA4}"
EndProject
Global
	GlobalSection(SolutionConfigurationPlatforms) = preSolution
		Debug|Any CPU = Debug|Any CPU
		Release|Any CPU = Release|Any CPU
	EndGlobalSection
	GlobalSection(ProjectConfigurationPlatforms) = postSolution
		{B4F4837D-94C6-4349-BC18-6FAECE926CA4}.Debug|Any CPU.ActiveCfg = Debug|Any CPU
		{B4F4837D-94C6-4349-BC18-6FAECE926CA4}.Debug|Any CPU.Build.0 = Debug|Any CPU
		{B4F4837D-94C6-4349-BC18-6FAECE926CA4}.Release|Any CPU.ActiveCfg = Release|Any CPU
		{B4F4837D-94C6-4349-BC18-6FAECE926CA4}.Release|Any CPU.Build.0 = Release|Any CPU
	EndGlobalSection
	GlobalSection(SolutionProperties) = preSolution
		HideSolutionNode = FALSE
	EndGlobalSection
	GlobalSection(ExtensibilityGlobals) = postSolution
		SolutionGuid = {B773437D-524B-40B6-A118-9FF466CFB9DF}
	EndGlobalSection
EndGlobal
